
Microsoft Visual Studio Solution File, Format Version 12.00
# Visual Studio Version 17
VisualStudioVersion = 17.0.31825.309
MinimumVisualStudioVersion = 10.0.40219.1
Project("{2150E333-8FDC-42A3-9474-1A3956D46DE8}") = "Aspects", "Aspects", "{0D0446EA-C862-4FFF-A6BE-89A38BE36BE1}"
EndProject
Project("{FAE04EC0-301F-11D3-BF4B-00C04F79EFBC}") = "DividedByZeroAspect", "DividedByZeroAspect\DividedByZeroAspect.csproj", "{326B644F-BC6D-4627-93B5-86C634F81BE0}"
EndProject
Project("{FAE04EC0-301F-11D3-BF4B-00C04F79EFBC}") = "LoggingAspect", "LoggingAspect\LoggingAspect.csproj", "{8563E3E4-372E-4DCC-9459-2DF8C1FBE3B7}"
EndProject
Project("{FAE04EC0-301F-11D3-BF4B-00C04F79EFBC}") = "HistoryAspect", "HistoryAspect\HistoryAspect.csproj", "{B4155FA7-6803-4F50-B38C-20AABDE9BFDC}"
EndProject
Project("{FAE04EC0-301F-11D3-BF4B-00C04F79EFBC}") = "CachingAspect", "CachingAspect\CachingAspect.csproj", "{FB5E9DBF-9FF4-45C2-B7F4-3725DDE130C2}"
EndProject
Project("{9A19103F-16F7-4668-BE54-9A1E7A4F7556}") = "CalculatorLibrary", "CalculatorLibrary\CalculatorLibrary.csproj", "{D4212BE4-C956-4EB9-9B80-3AD8600C1C26}"
EndProject
Project("{FAE04EC0-301F-11D3-BF4B-00C04F79EFBC}") = "CalculaorConsoleApplication", "CalculaorConsoleApplication\CalculaorConsoleApplication.csproj", "{6749E824-AE09-48E6-B5DB-6398DC82A635}"
EndProject
Global
	GlobalSection(SolutionConfigurationPlatforms) = preSolution
		Debug|Any CPU = Debug|Any CPU
		Release|Any CPU = Release|Any CPU
	EndGlobalSection
	GlobalSection(ProjectConfigurationPlatforms) = postSolution
		{326B644F-BC6D-4627-93B5-86C634F81BE0}.Debug|Any CPU.ActiveCfg = Debug|Any CPU
		{326B644F-BC6D-4627-93B5-86C634F81BE0}.Debug|Any CPU.Build.0 = Debug|Any CPU
		{326B644F-BC6D-4627-93B5-86C634F81BE0}.Release|Any CPU.ActiveCfg = Release|Any CPU
		{326B644F-BC6D-4627-93B5-86C634F81BE0}.Release|Any CPU.Build.0 = Release|Any CPU
		{8563E3E4-372E-4DCC-9459-2DF8C1FBE3B7}.Debug|Any CPU.ActiveCfg = Debug|Any CPU
		{8563E3E4-372E-4DCC-9459-2DF8C1FBE3B7}.Debug|Any CPU.Build.0 = Debug|Any CPU
		{8563E3E4-372E-4DCC-9459-2DF8C1FBE3B7}.Release|Any CPU.ActiveCfg = Release|Any CPU
		{8563E3E4-372E-4DCC-9459-2DF8C1FBE3B7}.Release|Any CPU.Build.0 = Release|Any CPU
		{B4155FA7-6803-4F50-B38C-20AABDE9BFDC}.Debug|Any CPU.ActiveCfg = Debug|Any CPU
		{B4155FA7-6803-4F50-B38C-20AABDE9BFDC}.Debug|Any CPU.Build.0 = Debug|Any CPU
		{B4155FA7-6803-4F50-B38C-20AABDE9BFDC}.Release|Any CPU.ActiveCfg = Release|Any CPU
		{B4155FA7-6803-4F50-B38C-20AABDE9BFDC}.Release|Any CPU.Build.0 = Release|Any CPU
		{FB5E9DBF-9FF4-45C2-B7F4-3725DDE130C2}.Debug|Any CPU.ActiveCfg = Debug|Any CPU
		{FB5E9DBF-9FF4-45C2-B7F4-3725DDE130C2}.Debug|Any CPU.Build.0 = Debug|Any CPU
		{FB5E9DBF-9FF4-45C2-B7F4-3725DDE130C2}.Release|Any CPU.ActiveCfg = Release|Any CPU
		{FB5E9DBF-9FF4-45C2-B7F4-3725DDE130C2}.Release|Any CPU.Build.0 = Release|Any CPU
		{D4212BE4-C956-4EB9-9B80-3AD8600C1C26}.Debug|Any CPU.ActiveCfg = Debug|Any CPU
		{D4212BE4-C956-4EB9-9B80-3AD8600C1C26}.Debug|Any CPU.Build.0 = Debug|Any CPU
		{D4212BE4-C956-4EB9-9B80-3AD8600C1C26}.Release|Any CPU.ActiveCfg = Release|Any CPU
		{D4212BE4-C956-4EB9-9B80-3AD8600C1C26}.Release|Any CPU.Build.0 = Release|Any CPU
		{6749E824-AE09-48E6-B5DB-6398DC82A635}.Debug|Any CPU.ActiveCfg = Debug|Any CPU
		{6749E824-AE09-48E6-B5DB-6398DC82A635}.Debug|Any CPU.Build.0 = Debug|Any CPU
		{6749E824-AE09-48E6-B5DB-6398DC82A635}.Release|Any CPU.ActiveCfg = Release|Any CPU
		{6749E824-AE09-48E6-B5DB-6398DC82A635}.Release|Any CPU.Build.0 = Release|Any CPU
	EndGlobalSection
	GlobalSection(SolutionProperties) = preSolution
		HideSolutionNode = FALSE
	EndGlobalSection
	GlobalSection(NestedProjects) = preSolution
		{326B644F-BC6D-4627-93B5-86C634F81BE0} = {0D0446EA-C862-4FFF-A6BE-89A38BE36BE1}
		{8563E3E4-372E-4DCC-9459-2DF8C1FBE3B7} = {0D0446EA-C862-4FFF-A6BE-89A38BE36BE1}
		{B4155FA7-6803-4F50-B38C-20AABDE9BFDC} = {0D0446EA-C862-4FFF-A6BE-89A38BE36BE1}
		{FB5E9DBF-9FF4-45C2-B7F4-3725DDE130C2} = {0D0446EA-C862-4FFF-A6BE-89A38BE36BE1}
	EndGlobalSection
	GlobalSection(ExtensibilityGlobals) = postSolution
		SolutionGuid = {E3EA7AF6-6E98-4646-842A-6A3486A2ED05}
	EndGlobalSection
EndGlobal
